
Microsoft Visual Studio Solution File, Format Version 12.00
# Visual Studio Version 16
VisualStudioVersion = 16.0.30907.101
MinimumVisualStudioVersion = 10.0.40219.1
Project("{FAE04EC0-301F-11D3-BF4B-00C04F79EFBC}") = "MCB.VBO.Microservices.Statements", "MCB.VBO.Microservices.Statements\MCB.VBO.Microservices.Statements.csproj", "{3D8B911A-B9B3-4D46-827F-E221A002C381}"
EndProject
Global
	GlobalSection(SolutionConfigurationPlatforms) = preSolution
		Debug|Any CPU = Debug|Any CPU
		Release|Any CPU = Release|Any CPU
	EndGlobalSection
	GlobalSection(ProjectConfigurationPlatforms) = postSolution
		{3D8B911A-B9B3-4D46-827F-E221A002C381}.Debug|Any CPU.ActiveCfg = Debug|Any CPU
		{3D8B911A-B9B3-4D46-827F-E221A002C381}.Debug|Any CPU.Build.0 = Debug|Any CPU
		{3D8B911A-B9B3-4D46-827F-E221A002C381}.Release|Any CPU.ActiveCfg = Release|Any CPU
		{3D8B911A-B9B3-4D46-827F-E221A002C381}.Release|Any CPU.Build.0 = Release|Any CPU
	EndGlobalSection
	GlobalSection(SolutionProperties) = preSolution
		HideSolutionNode = FALSE
	EndGlobalSection
	GlobalSection(ExtensibilityGlobals) = postSolution
		SolutionGuid = {1A26F8BB-A7D8-4A08-BD71-BCE2C2525984}
	EndGlobalSection
EndGlobal
